// !$*UTF8*$!
{
	archiveVersion = 1;
	classes = {
	};
	objectVersion = 48;
	objects = {

/* Begin PBXBuildFile section */
		491431D61FDC189200AF225C /* AppDelegate.m in Sources */ = {isa = PBXBuildFile; fileRef = 491431D51FDC189200AF225C /* AppDelegate.m */; };
		491431D91FDC189200AF225C /* ViewController.m in Sources */ = {isa = PBXBuildFile; fileRef = 491431D81FDC189200AF225C /* ViewController.m */; };
		491431DC1FDC189200AF225C /* Main.storyboard in Resources */ = {isa = PBXBuildFile; fileRef = 491431DA1FDC189200AF225C /* Main.storyboard */; };
		491431DE1FDC189200AF225C /* Assets.xcassets in Resources */ = {isa = PBXBuildFile; fileRef = 491431DD1FDC189200AF225C /* Assets.xcassets */; };
		491431E41FDC189200AF225C /* main.m in Sources */ = {isa = PBXBuildFile; fileRef = 491431E31FDC189200AF225C /* main.m */; };
		491432161FDD748400AF225C /* libc++.tbd in Frameworks */ = {isa = PBXBuildFile; fileRef = 491432151FDD747500AF225C /* libc++.tbd */; };
		491432181FDD749100AF225C /* libz.tbd in Frameworks */ = {isa = PBXBuildFile; fileRef = 491432171FDD749100AF225C /* libz.tbd */; };
		4914321A1FDD749E00AF225C /* libstdc++.6.0.9.tbd in Frameworks */ = {isa = PBXBuildFile; fileRef = 491432191FDD749E00AF225C /* libstdc++.6.0.9.tbd */; };
		4914321C1FDD74BE00AF225C /* GLKit.framework in Frameworks */ = {isa = PBXBuildFile; fileRef = 4914321B1FDD74AB00AF225C /* GLKit.framework */; };
		4914321E1FDD74DB00AF225C /* Security.framework in Frameworks */ = {isa = PBXBuildFile; fileRef = 4914321D1FDD74C900AF225C /* Security.framework */; };
		491432201FDD74EB00AF225C /* JavaScriptCore.framework in Frameworks */ = {isa = PBXBuildFile; fileRef = 4914321F1FDD74E300AF225C /* JavaScriptCore.framework */; };
		491432221FDD751000AF225C /* SystemConfiguration.framework in Frameworks */ = {isa = PBXBuildFile; fileRef = 491432211FDD750900AF225C /* SystemConfiguration.framework */; };
		491432241FDD752500AF225C /* CoreTelephony.framework in Frameworks */ = {isa = PBXBuildFile; fileRef = 491432231FDD751A00AF225C /* CoreTelephony.framework */; };
		491432261FDD754A00AF225C /* CoreLocation.framework in Frameworks */ = {isa = PBXBuildFile; fileRef = 491432251FDD754300AF225C /* CoreLocation.framework */; };
		4960AA301FEB9DBF0079A3C2 /* UIScrollView+SVInfiniteScrolling.m in Sources */ = {isa = PBXBuildFile; fileRef = 4960AA291FEB9DBF0079A3C2 /* UIScrollView+SVInfiniteScrolling.m */; };
		4960AA311FEB9DBF0079A3C2 /* LQMapPoiTableView.m in Sources */ = {isa = PBXBuildFile; fileRef = 4960AA2A1FEB9DBF0079A3C2 /* LQMapPoiTableView.m */; };
		4960AA321FEB9DBF0079A3C2 /* LQSearchResultTableViewController.m in Sources */ = {isa = PBXBuildFile; fileRef = 4960AA2B1FEB9DBF0079A3C2 /* LQSearchResultTableViewController.m */; };
		4960AA331FEB9DBF0079A3C2 /* LQGetLocationInfoVC.m in Sources */ = {isa = PBXBuildFile; fileRef = 4960AA2C1FEB9DBF0079A3C2 /* LQGetLocationInfoVC.m */; };
		4960AA3D1FEB9E640079A3C2 /* AMapFoundationKit.framework in Frameworks */ = {isa = PBXBuildFile; fileRef = 4960AA381FEB9E610079A3C2 /* AMapFoundationKit.framework */; };
		4960AA3E1FEB9E640079A3C2 /* AMapSearchKit.framework in Frameworks */ = {isa = PBXBuildFile; fileRef = 4960AA3A1FEB9E610079A3C2 /* AMapSearchKit.framework */; };
		4960AA3F1FEB9E640079A3C2 /* MAMapKit.framework in Frameworks */ = {isa = PBXBuildFile; fileRef = 4960AA3C1FEB9E640079A3C2 /* MAMapKit.framework */; };
		4960AA421FEB9F290079A3C2 /* AMap.bundle in Resources */ = {isa = PBXBuildFile; fileRef = 4960AA411FEB9F290079A3C2 /* AMap.bundle */; };
		4960AA431FEB9F580079A3C2 /* AMap3D.bundle in Resources */ = {isa = PBXBuildFile; fileRef = 4960AA341FEB9E3D0079A3C2 /* AMap3D.bundle */; };
/* End PBXBuildFile section */

/* Begin PBXCopyFilesBuildPhase section */
		491431FB1FDC1A4E00AF225C /* Embed Frameworks */ = {
			isa = PBXCopyFilesBuildPhase;
			buildActionMask = 2147483647;
			dstPath = "";
			dstSubfolderSpec = 10;
			files = (
			);
			name = "Embed Frameworks";
			runOnlyForDeploymentPostprocessing = 0;
		};
/* End PBXCopyFilesBuildPhase section */

/* Begin PBXFileReference section */
		491431D11FDC189200AF225C /* GetLocationInfo.app */ = {isa = PBXFileReference; explicitFileType = wrapper.application; includeInIndex = 0; path = GetLocationInfo.app; sourceTree = BUILT_PRODUCTS_DIR; };
		491431D41FDC189200AF225C /* AppDelegate.h */ = {isa = PBXFileReference; lastKnownFileType = sourcecode.c.h; path = AppDelegate.h; sourceTree = "<group>"; };
		491431D51FDC189200AF225C /* AppDelegate.m */ = {isa = PBXFileReference; lastKnownFileType = sourcecode.c.objc; path = AppDelegate.m; sourceTree = "<group>"; };
		491431D71FDC189200AF225C /* ViewController.h */ = {isa = PBXFileReference; lastKnownFileType = sourcecode.c.h; path = ViewController.h; sourceTree = "<group>"; };
		491431D81FDC189200AF225C /* ViewController.m */ = {isa = PBXFileReference; lastKnownFileType = sourcecode.c.objc; path = ViewController.m; sourceTree = "<group>"; };
		491431DB1FDC189200AF225C /* Base */ = {isa = PBXFileReference; lastKnownFileType = file.storyboard; name = Base; path = Base.lproj/Main.storyboard; sourceTree = "<group>"; };
		491431DD1FDC189200AF225C /* Assets.xcassets */ = {isa = PBXFileReference; lastKnownFileType = folder.assetcatalog; path = Assets.xcassets; sourceTree = "<group>"; };
		491431E21FDC189200AF225C /* Info.plist */ = {isa = PBXFileReference; lastKnownFileType = text.plist.xml; path = Info.plist; sourceTree = "<group>"; };
		491431E31FDC189200AF225C /* main.m */ = {isa = PBXFileReference; lastKnownFileType = sourcecode.c.objc; path = main.m; sourceTree = "<group>"; };
		491432151FDD747500AF225C /* libc++.tbd */ = {isa = PBXFileReference; lastKnownFileType = "sourcecode.text-based-dylib-definition"; name = "libc++.tbd"; path = "usr/lib/libc++.tbd"; sourceTree = SDKROOT; };
		491432171FDD749100AF225C /* libz.tbd */ = {isa = PBXFileReference; lastKnownFileType = "sourcecode.text-based-dylib-definition"; name = libz.tbd; path = usr/lib/libz.tbd; sourceTree = SDKROOT; };
		491432191FDD749E00AF225C /* libstdc++.6.0.9.tbd */ = {isa = PBXFileReference; lastKnownFileType = "sourcecode.text-based-dylib-definition"; name = "libstdc++.6.0.9.tbd"; path = "usr/lib/libstdc++.6.0.9.tbd"; sourceTree = SDKROOT; };
		4914321B1FDD74AB00AF225C /* GLKit.framework */ = {isa = PBXFileReference; lastKnownFileType = wrapper.framework; name = GLKit.framework; path = System/Library/Frameworks/GLKit.framework; sourceTree = SDKROOT; };
		4914321D1FDD74C900AF225C /* Security.framework */ = {isa = PBXFileReference; lastKnownFileType = wrapper.framework; name = Security.framework; path = System/Library/Frameworks/Security.framework; sourceTree = SDKROOT; };
		4914321F1FDD74E300AF225C /* JavaScriptCore.framework */ = {isa = PBXFileReference; lastKnownFileType = wrapper.framework; name = JavaScriptCore.framework; path = System/Library/Frameworks/JavaScriptCore.framework; sourceTree = SDKROOT; };
		491432211FDD750900AF225C /* SystemConfiguration.framework */ = {isa = PBXFileReference; lastKnownFileType = wrapper.framework; name = SystemConfiguration.framework; path = System/Library/Frameworks/SystemConfiguration.framework; sourceTree = SDKROOT; };
		491432231FDD751A00AF225C /* CoreTelephony.framework */ = {isa = PBXFileReference; lastKnownFileType = wrapper.framework; name = CoreTelephony.framework; path = System/Library/Frameworks/CoreTelephony.framework; sourceTree = SDKROOT; };
		491432251FDD754300AF225C /* CoreLocation.framework */ = {isa = PBXFileReference; lastKnownFileType = wrapper.framework; name = CoreLocation.framework; path = System/Library/Frameworks/CoreLocation.framework; sourceTree = SDKROOT; };
		4960AA281FEB9DBF0079A3C2 /* LQGetLocationInfoVC.h */ = {isa = PBXFileReference; fileEncoding = 4; lastKnownFileType = sourcecode.c.h; path = LQGetLocationInfoVC.h; sourceTree = "<group>"; };
		4960AA291FEB9DBF0079A3C2 /* UIScrollView+SVInfiniteScrolling.m */ = {isa = PBXFileReference; fileEncoding = 4; lastKnownFileType = sourcecode.c.objc; path = "UIScrollView+SVInfiniteScrolling.m"; sourceTree = "<group>"; };
		4960AA2A1FEB9DBF0079A3C2 /* LQMapPoiTableView.m */ = {isa = PBXFileReference; fileEncoding = 4; lastKnownFileType = sourcecode.c.objc; path = LQMapPoiTableView.m; sourceTree = "<group>"; };
		4960AA2B1FEB9DBF0079A3C2 /* LQSearchResultTableViewController.m */ = {isa = PBXFileReference; fileEncoding = 4; lastKnownFileType = sourcecode.c.objc; path = LQSearchResultTableViewController.m; sourceTree = "<group>"; };
		4960AA2C1FEB9DBF0079A3C2 /* LQGetLocationInfoVC.m */ = {isa = PBXFileReference; fileEncoding = 4; lastKnownFileType = sourcecode.c.objc; path = LQGetLocationInfoVC.m; sourceTree = "<group>"; };
		4960AA2D1FEB9DBF0079A3C2 /* UIScrollView+SVInfiniteScrolling.h */ = {isa = PBXFileReference; fileEncoding = 4; lastKnownFileType = sourcecode.c.h; path = "UIScrollView+SVInfiniteScrolling.h"; sourceTree = "<group>"; };
		4960AA2E1FEB9DBF0079A3C2 /* LQMapPoiTableView.h */ = {isa = PBXFileReference; fileEncoding = 4; lastKnownFileType = sourcecode.c.h; path = LQMapPoiTableView.h; sourceTree = "<group>"; };
		4960AA2F1FEB9DBF0079A3C2 /* LQSearchResultTableViewController.h */ = {isa = PBXFileReference; fileEncoding = 4; lastKnownFileType = sourcecode.c.h; path = LQSearchResultTableViewController.h; sourceTree = "<group>"; };
		4960AA341FEB9E3D0079A3C2 /* AMap3D.bundle */ = {isa = PBXFileReference; lastKnownFileType = "wrapper.plug-in"; path = AMap3D.bundle; sourceTree = "<group>"; };
		4960AA381FEB9E610079A3C2 /* AMapFoundationKit.framework */ = {isa = PBXFileReference; lastKnownFileType = wrapper.framework; path = AMapFoundationKit.framework; sourceTree = "<group>"; };
		4960AA3A1FEB9E610079A3C2 /* AMapSearchKit.framework */ = {isa = PBXFileReference; lastKnownFileType = wrapper.framework; path = AMapSearchKit.framework; sourceTree = "<group>"; };
		4960AA3C1FEB9E640079A3C2 /* MAMapKit.framework */ = {isa = PBXFileReference; lastKnownFileType = wrapper.framework; path = MAMapKit.framework; sourceTree = "<group>"; };
		4960AA411FEB9F290079A3C2 /* AMap.bundle */ = {isa = PBXFileReference; lastKnownFileType = "wrapper.plug-in"; name = AMap.bundle; path = AMap3DMap/MAMapKit.framework/AMap.bundle; sourceTree = "<group>"; };
/* End PBXFileReference section */

/* Begin PBXFrameworksBuildPhase section */
		491431CE1FDC189200AF225C /* Frameworks */ = {
			isa = PBXFrameworksBuildPhase;
			buildActionMask = 2147483647;
			files = (
				4960AA3E1FEB9E640079A3C2 /* AMapSearchKit.framework in Frameworks */,
				491432261FDD754A00AF225C /* CoreLocation.framework in Frameworks */,
				491432241FDD752500AF225C /* CoreTelephony.framework in Frameworks */,
				491432221FDD751000AF225C /* SystemConfiguration.framework in Frameworks */,
				491432201FDD74EB00AF225C /* JavaScriptCore.framework in Frameworks */,
				4914321E1FDD74DB00AF225C /* Security.framework in Frameworks */,
				4960AA3F1FEB9E640079A3C2 /* MAMapKit.framework in Frameworks */,
				4914321C1FDD74BE00AF225C /* GLKit.framework in Frameworks */,
				491432161FDD748400AF225C /* libc++.tbd in Frameworks */,
				491432181FDD749100AF225C /* libz.tbd in Frameworks */,
				4914321A1FDD749E00AF225C /* libstdc++.6.0.9.tbd in Frameworks */,
				4960AA3D1FEB9E640079A3C2 /* AMapFoundationKit.framework in Frameworks */,
			);
			runOnlyForDeploymentPostprocessing = 0;
		};
/* End PBXFrameworksBuildPhase section */

/* Begin PBXGroup section */
		491431C81FDC189200AF225C = {
			isa = PBXGroup;
			children = (
				491431D31FDC189200AF225C /* GetLocationInfo */,
				491431D21FDC189200AF225C /* Products */,
				491432141FDD747500AF225C /* Frameworks */,
			);
			sourceTree = "<group>";
		};
		491431D21FDC189200AF225C /* Products */ = {
			isa = PBXGroup;
			children = (
				491431D11FDC189200AF225C /* GetLocationInfo.app */,
			);
			name = Products;
			sourceTree = "<group>";
		};
		491431D31FDC189200AF225C /* GetLocationInfo */ = {
			isa = PBXGroup;
			children = (
				4960AA361FEB9E530079A3C2 /* MapKit */,
				4960AA341FEB9E3D0079A3C2 /* AMap3D.bundle */,
				4960AA271FEB9DBF0079A3C2 /* Sources */,
				491431D41FDC189200AF225C /* AppDelegate.h */,
				491431D51FDC189200AF225C /* AppDelegate.m */,
				491431D71FDC189200AF225C /* ViewController.h */,
				491431D81FDC189200AF225C /* ViewController.m */,
				491431DA1FDC189200AF225C /* Main.storyboard */,
				491431DD1FDC189200AF225C /* Assets.xcassets */,
				491431E21FDC189200AF225C /* Info.plist */,
				491431E31FDC189200AF225C /* main.m */,
			);
			path = GetLocationInfo;
			sourceTree = "<group>";
		};
		491432141FDD747500AF225C /* Frameworks */ = {
			isa = PBXGroup;
			children = (
				491432251FDD754300AF225C /* CoreLocation.framework */,
				491432231FDD751A00AF225C /* CoreTelephony.framework */,
				491432211FDD750900AF225C /* SystemConfiguration.framework */,
				4914321F1FDD74E300AF225C /* JavaScriptCore.framework */,
				4914321D1FDD74C900AF225C /* Security.framework */,
				4914321B1FDD74AB00AF225C /* GLKit.framework */,
				491432191FDD749E00AF225C /* libstdc++.6.0.9.tbd */,
				491432171FDD749100AF225C /* libz.tbd */,
				491432151FDD747500AF225C /* libc++.tbd */,
			);
			name = Frameworks;
			sourceTree = "<group>";
		};
		4960AA271FEB9DBF0079A3C2 /* Sources */ = {
			isa = PBXGroup;
			children = (
				4960AA281FEB9DBF0079A3C2 /* LQGetLocationInfoVC.h */,
				4960AA2C1FEB9DBF0079A3C2 /* LQGetLocationInfoVC.m */,
				4960AA2E1FEB9DBF0079A3C2 /* LQMapPoiTableView.h */,
				4960AA2A1FEB9DBF0079A3C2 /* LQMapPoiTableView.m */,
				4960AA2F1FEB9DBF0079A3C2 /* LQSearchResultTableViewController.h */,
				4960AA2B1FEB9DBF0079A3C2 /* LQSearchResultTableViewController.m */,
				4960AA2D1FEB9DBF0079A3C2 /* UIScrollView+SVInfiniteScrolling.h */,
				4960AA291FEB9DBF0079A3C2 /* UIScrollView+SVInfiniteScrolling.m */,
			);
			name = Sources;
			path = ../../Sources;
			sourceTree = "<group>";
		};
		4960AA361FEB9E530079A3C2 /* MapKit */ = {
			isa = PBXGroup;
			children = (
				4960AA411FEB9F290079A3C2 /* AMap.bundle */,
				4960AA3B1FEB9E640079A3C2 /* AMap3DMap */,
				4960AA371FEB9E610079A3C2 /* AMapFoundation */,
				4960AA391FEB9E610079A3C2 /* AMapSearch */,
			);
			path = MapKit;
			sourceTree = "<group>";
		};
		4960AA371FEB9E610079A3C2 /* AMapFoundation */ = {
			isa = PBXGroup;
			children = (
				4960AA381FEB9E610079A3C2 /* AMapFoundationKit.framework */,
			);
			path = AMapFoundation;
			sourceTree = "<group>";
		};
		4960AA391FEB9E610079A3C2 /* AMapSearch */ = {
			isa = PBXGroup;
			children = (
				4960AA3A1FEB9E610079A3C2 /* AMapSearchKit.framework */,
			);
			path = AMapSearch;
			sourceTree = "<group>";
		};
		4960AA3B1FEB9E640079A3C2 /* AMap3DMap */ = {
			isa = PBXGroup;
			children = (
				4960AA3C1FEB9E640079A3C2 /* MAMapKit.framework */,
			);
			path = AMap3DMap;
			sourceTree = "<group>";
		};
/* End PBXGroup section */

/* Begin PBXNativeTarget section */
		491431D01FDC189200AF225C /* GetLocationInfo */ = {
			isa = PBXNativeTarget;
			buildConfigurationList = 491431E71FDC189200AF225C /* Build configuration list for PBXNativeTarget "GetLocationInfo" */;
			buildPhases = (
				491431CD1FDC189200AF225C /* Sources */,
				491431CE1FDC189200AF225C /* Frameworks */,
				491431CF1FDC189200AF225C /* Resources */,
				491431FB1FDC1A4E00AF225C /* Embed Frameworks */,
			);
			buildRules = (
			);
			dependencies = (
			);
			name = GetLocationInfo;
			productName = GetLocationInfo;
			productReference = 491431D11FDC189200AF225C /* GetLocationInfo.app */;
			productType = "com.apple.product-type.application";
		};
/* End PBXNativeTarget section */

/* Begin PBXProject section */
		491431C91FDC189200AF225C /* Project object */ = {
			isa = PBXProject;
			attributes = {
				LastUpgradeCheck = 0910;
				ORGANIZATIONNAME = liuqing;
				TargetAttributes = {
					491431D01FDC189200AF225C = {
						CreatedOnToolsVersion = 9.1;
						ProvisioningStyle = Automatic;
					};
				};
			};
			buildConfigurationList = 491431CC1FDC189200AF225C /* Build configuration list for PBXProject "GetLocationInfo" */;
			compatibilityVersion = "Xcode 8.0";
			developmentRegion = en;
			hasScannedForEncodings = 0;
			knownRegions = (
				en,
				Base,
			);
			mainGroup = 491431C81FDC189200AF225C;
			productRefGroup = 491431D21FDC189200AF225C /* Products */;
			projectDirPath = "";
			projectRoot = "";
			targets = (
				491431D01FDC189200AF225C /* GetLocationInfo */,
			);
		};
/* End PBXProject section */

/* Begin PBXResourcesBuildPhase section */
		491431CF1FDC189200AF225C /* Resources */ = {
			isa = PBXResourcesBuildPhase;
			buildActionMask = 2147483647;
			files = (
				4960AA431FEB9F580079A3C2 /* AMap3D.bundle in Resources */,
				491431DE1FDC189200AF225C /* Assets.xcassets in Resources */,
				4960AA421FEB9F290079A3C2 /* AMap.bundle in Resources */,
				491431DC1FDC189200AF225C /* Main.storyboard in Resources */,
			);
			runOnlyForDeploymentPostprocessing = 0;
		};
/* End PBXResourcesBuildPhase section */

/* Begin PBXSourcesBuildPhase section */
		491431CD1FDC189200AF225C /* Sources */ = {
			isa = PBXSourcesBuildPhase;
			buildActionMask = 2147483647;
			files = (
				4960AA311FEB9DBF0079A3C2 /* LQMapPoiTableView.m in Sources */,
				4960AA321FEB9DBF0079A3C2 /* LQSearchResultTableViewController.m in Sources */,
				4960AA331FEB9DBF0079A3C2 /* LQGetLocationInfoVC.m in Sources */,
				4960AA301FEB9DBF0079A3C2 /* UIScrollView+SVInfiniteScrolling.m in Sources */,
				491431D91FDC189200AF225C /* ViewController.m in Sources */,
				491431E41FDC189200AF225C /* main.m in Sources */,
				491431D61FDC189200AF225C /* AppDelegate.m in Sources */,
			);
			runOnlyForDeploymentPostprocessing = 0;
		};
/* End PBXSourcesBuildPhase section */

/* Begin PBXVariantGroup section */
		491431DA1FDC189200AF225C /* Main.storyboard */ = {
			isa = PBXVariantGroup;
			children = (
				491431DB1FDC189200AF225C /* Base */,
			);
			name = Main.storyboard;
			sourceTree = "<group>";
		};
/* End PBXVariantGroup section */

/* Begin XCBuildConfiguration section */
		491431E51FDC189200AF225C /* Debug */ = {
			isa = XCBuildConfiguration;
			buildSettings = {
				ALWAYS_SEARCH_USER_PATHS = NO;
				CLANG_ANALYZER_NONNULL = YES;
				CLANG_ANALYZER_NUMBER_OBJECT_CONVERSION = YES_AGGRESSIVE;
				CLANG_CXX_LANGUAGE_STANDARD = "gnu++14";
				CLANG_CXX_LIBRARY = "libc++";
				CLANG_ENABLE_MODULES = YES;
				CLANG_ENABLE_OBJC_ARC = YES;
				CLANG_WARN_BLOCK_CAPTURE_AUTORELEASING = YES;
				CLANG_WARN_BOOL_CONVERSION = YES;
				CLANG_WARN_COMMA = YES;
				CLANG_WARN_CONSTANT_CONVERSION = YES;
				CLANG_WARN_DIRECT_OBJC_ISA_USAGE = YES_ERROR;
				CLANG_WARN_DOCUMENTATION_COMMENTS = YES;
				CLANG_WARN_EMPTY_BODY = YES;
				CLANG_WARN_ENUM_CONVERSION = YES;
				CLANG_WARN_INFINITE_RECURSION = YES;
				CLANG_WARN_INT_CONVERSION = YES;
				CLANG_WARN_NON_LITERAL_NULL_CONVERSION = YES;
				CLANG_WARN_OBJC_LITERAL_CONVERSION = YES;
				CLANG_WARN_OBJC_ROOT_CLASS = YES_ERROR;
				CLANG_WARN_RANGE_LOOP_ANALYSIS = YES;
				CLANG_WARN_STRICT_PROTOTYPES = YES;
				CLANG_WARN_SUSPICIOUS_MOVE = YES;
				CLANG_WARN_UNGUARDED_AVAILABILITY = YES_AGGRESSIVE;
				CLANG_WARN_UNREACHABLE_CODE = YES;
				CLANG_WARN__DUPLICATE_METHOD_MATCH = YES;
				CODE_SIGN_IDENTITY = "iPhone Developer";
				COPY_PHASE_STRIP = NO;
				DEBUG_INFORMATION_FORMAT = dwarf;
				ENABLE_STRICT_OBJC_MSGSEND = YES;
				ENABLE_TESTABILITY = YES;
				GCC_C_LANGUAGE_STANDARD = gnu11;
				GCC_DYNAMIC_NO_PIC = NO;
				GCC_NO_COMMON_BLOCKS = YES;
				GCC_OPTIMIZATION_LEVEL = 0;
				GCC_PREPROCESSOR_DEFINITIONS = (
					"DEBUG=1",
					"$(inherited)",
				);
				GCC_WARN_64_TO_32_BIT_CONVERSION = YES;
				GCC_WARN_ABOUT_RETURN_TYPE = YES_ERROR;
				GCC_WARN_UNDECLARED_SELECTOR = YES;
				GCC_WARN_UNINITIALIZED_AUTOS = YES_AGGRESSIVE;
				GCC_WARN_UNUSED_FUNCTION = YES;
				GCC_WARN_UNUSED_VARIABLE = YES;
				IPHONEOS_DEPLOYMENT_TARGET = 10.0;
				MTL_ENABLE_DEBUG_INFO = YES;
				ONLY_ACTIVE_ARCH = YES;
				SDKROOT = iphoneos;
			};
			name = Debug;
		};
		491431E61FDC189200AF225C /* Release */ = {
			isa = XCBuildConfiguration;
			buildSettings = {
				ALWAYS_SEARCH_USER_PATHS = NO;
				CLANG_ANALYZER_NONNULL = YES;
				CLANG_ANALYZER_NUMBER_OBJECT_CONVERSION = YES_AGGRESSIVE;
				CLANG_CXX_LANGUAGE_STANDARD = "gnu++14";
				CLANG_CXX_LIBRARY = "libc++";
				CLANG_ENABLE_MODULES = YES;
				CLANG_ENABLE_OBJC_ARC = YES;
				CLANG_WARN_BLOCK_CAPTURE_AUTORELEASING = YES;
				CLANG_WARN_BOOL_CONVERSION = YES;
				CLANG_WARN_COMMA = YES;
				CLANG_WARN_CONSTANT_CONVERSION = YES;
				CLANG_WARN_DIRECT_OBJC_ISA_USAGE = YES_ERROR;
				CLANG_WARN_DOCUMENTATION_COMMENTS = YES;
				CLANG_WARN_EMPTY_BODY = YES;
				CLANG_WARN_ENUM_CONVERSION = YES;
				CLANG_WARN_INFINITE_RECURSION = YES;
				CLANG_WARN_INT_CONVERSION = YES;
				CLANG_WARN_NON_LITERAL_NULL_CONVERSION = YES;
				CLANG_WARN_OBJC_LITERAL_CONVERSION = YES;
				CLANG_WARN_OBJC_ROOT_CLASS = YES_ERROR;
				CLANG_WARN_RANGE_LOOP_ANALYSIS = YES;
				CLANG_WARN_STRICT_PROTOTYPES = YES;
				CLANG_WARN_SUSPICIOUS_MOVE = YES;
				CLANG_WARN_UNGUARDED_AVAILABILITY = YES_AGGRESSIVE;
				CLANG_WARN_UNREACHABLE_CODE = YES;
				CLANG_WARN__DUPLICATE_METHOD_MATCH = YES;
				CODE_SIGN_IDENTITY = "iPhone Developer";
				COPY_PHASE_STRIP = NO;
				DEBUG_INFORMATION_FORMAT = "dwarf-with-dsym";
				ENABLE_NS_ASSERTIONS = NO;
				ENABLE_STRICT_OBJC_MSGSEND = YES;
				GCC_C_LANGUAGE_STANDARD = gnu11;
				GCC_NO_COMMON_BLOCKS = YES;
				GCC_WARN_64_TO_32_BIT_CONVERSION = YES;
				GCC_WARN_ABOUT_RETURN_TYPE = YES_ERROR;
				GCC_WARN_UNDECLARED_SELECTOR = YES;
				GCC_WARN_UNINITIALIZED_AUTOS = YES_AGGRESSIVE;
				GCC_WARN_UNUSED_FUNCTION = YES;
				GCC_WARN_UNUSED_VARIABLE = YES;
				IPHONEOS_DEPLOYMENT_TARGET = 10.0;
				MTL_ENABLE_DEBUG_INFO = NO;
				SDKROOT = iphoneos;
				VALIDATE_PRODUCT = YES;
			};
			name = Release;
		};
		491431E81FDC189200AF225C /* Debug */ = {
			isa = XCBuildConfiguration;
			buildSettings = {
				ASSETCATALOG_COMPILER_APPICON_NAME = AppIcon;
				ASSETCATALOG_COMPILER_LAUNCHIMAGE_NAME = LaunchImage;
				"CODE_SIGN_IDENTITY[sdk=iphoneos*]" = "iPhone Developer";
				CODE_SIGN_STYLE = Automatic;
				DEVELOPMENT_TEAM = NBL9PB7UR2;
				FRAMEWORK_SEARCH_PATHS = (
					"$(inherited)",
					"$(PROJECT_DIR)/GetLocationInfo/MapKit/AMapFoundation",
					"$(PROJECT_DIR)/GetLocationInfo/MapKit/AMapSearch",
					"$(PROJECT_DIR)/GetLocationInfo/MapKit/AMap3DMap",
				);
				INFOPLIST_FILE = GetLocationInfo/Info.plist;
				IPHONEOS_DEPLOYMENT_TARGET = 10.0;
				LD_RUNPATH_SEARCH_PATHS = "$(inherited) @executable_path/Frameworks";
				OTHER_LDFLAGS = (
					"-ObjC",
					"$(inherited)",
				);
				PRODUCT_BUNDLE_IDENTIFIER = liuqing.GetLocationInfo;
				PRODUCT_NAME = "$(TARGET_NAME)";
				PROVISIONING_PROFILE_SPECIFIER = "";
				TARGETED_DEVICE_FAMILY = 1;
			};
			name = Debug;
		};
		491431E91FDC189200AF225C /* Release */ = {
			isa = XCBuildConfiguration;
			buildSettings = {
				ASSETCATALOG_COMPILER_APPICON_NAME = AppIcon;
				ASSETCATALOG_COMPILER_LAUNCHIMAGE_NAME = LaunchImage;
				"CODE_SIGN_IDENTITY[sdk=iphoneos*]" = "iPhone Developer";
				CODE_SIGN_STYLE = Automatic;
				DEVELOPMENT_TEAM = NBL9PB7UR2;
				FRAMEWORK_SEARCH_PATHS = (
					"$(inherited)",
					"$(PROJECT_DIR)/GetLocationInfo/MapKit/AMapFoundation",
					"$(PROJECT_DIR)/GetLocationInfo/MapKit/AMapSearch",
					"$(PROJECT_DIR)/GetLocationInfo/MapKit/AMap3DMap",
				);
				INFOPLIST_FILE = GetLocationInfo/Info.plist;
				IPHONEOS_DEPLOYMENT_TARGET = 10.0;
				LD_RUNPATH_SEARCH_PATHS = "$(inherited) @executable_path/Frameworks";
				OTHER_LDFLAGS = (
					"-ObjC",
					"$(inherited)",
				);
				PRODUCT_BUNDLE_IDENTIFIER = liuqing.GetLocationInfo;
				PRODUCT_NAME = "$(TARGET_NAME)";
				PROVISIONING_PROFILE_SPECIFIER = "";
				TARGETED_DEVICE_FAMILY = 1;
			};
			name = Release;
		};
/* End XCBuildConfiguration section */

/* Begin XCConfigurationList section */
		491431CC1FDC189200AF225C /* Build configuration list for PBXProject "GetLocationInfo" */ = {
			isa = XCConfigurationList;
			buildConfigurations = (
				491431E51FDC189200AF225C /* Debug */,
				491431E61FDC189200AF225C /* Release */,
			);
			defaultConfigurationIsVisible = 0;
			defaultConfigurationName = Release;
		};
		491431E71FDC189200AF225C /* Build configuration list for PBXNativeTarget "GetLocationInfo" */ = {
			isa = XCConfigurationList;
			buildConfigurations = (
				491431E81FDC189200AF225C /* Debug */,
				491431E91FDC189200AF225C /* Release */,
			);
			defaultConfigurationIsVisible = 0;
			defaultConfigurationName = Release;
		};
/* End XCConfigurationList section */
	};
	rootObject = 491431C91FDC189200AF225C /* Project object */;
}
